// !$*UTF8*$!
{
	archiveVersion = 1;
	classes = {
	};
	objectVersion = 56;
	objects = {

/* Begin PBXBuildFile section */
		7D7A29F22B6D353200E0BCDB /* ObservationDemo.swift in Sources */ = {isa = PBXBuildFile; fileRef = 7D7A29F12B6D353200E0BCDB /* ObservationDemo.swift */; };
		7D7A29F42B6D353600E0BCDB /* Assets.xcassets in Resources */ = {isa = PBXBuildFile; fileRef = 7D7A29F32B6D353600E0BCDB /* Assets.xcassets */; };
		7D7A29F72B6D353600E0BCDB /* Preview Assets.xcassets in Resources */ = {isa = PBXBuildFile; fileRef = 7D7A29F62B6D353600E0BCDB /* Preview Assets.xcassets */; };
		7D7A29FF2B6D3B7200E0BCDB /* ContentView.swift in Sources */ = {isa = PBXBuildFile; fileRef = 7D7A29FE2B6D3B7200E0BCDB /* ContentView.swift */; };
		7D7A2A012B6D3B7B00E0BCDB /* SwiftCaseStudiesApp.swift in Sources */ = {isa = PBXBuildFile; fileRef = 7D7A2A002B6D3B7B00E0BCDB /* SwiftCaseStudiesApp.swift */; };
		7D7A2A052B6D3EA000E0BCDB /* ComposableArchitecture in Frameworks */ = {isa = PBXBuildFile; productRef = 7D7A2A042B6D3EA000E0BCDB /* ComposableArchitecture */; };
		7D7A2A0F2B6EA55400E0BCDB /* SwiftCaseStudiesTests.swift in Sources */ = {isa = PBXBuildFile; fileRef = 7D7A2A0E2B6EA55400E0BCDB /* SwiftCaseStudiesTests.swift */; };
		7D7A2A1A2B72948200E0BCDB /* HomeView.swift in Sources */ = {isa = PBXBuildFile; fileRef = 7D7A2A192B72948200E0BCDB /* HomeView.swift */; };
		7D7A2A1C2B72949200E0BCDB /* HomeReducer.swift in Sources */ = {isa = PBXBuildFile; fileRef = 7D7A2A1B2B72949200E0BCDB /* HomeReducer.swift */; };
		7D7A2A222B72988500E0BCDB /* ContactsView.swift in Sources */ = {isa = PBXBuildFile; fileRef = 7D7A2A212B72988500E0BCDB /* ContactsView.swift */; };
		7D7A2A242B72989700E0BCDB /* ContactsReducer.swift in Sources */ = {isa = PBXBuildFile; fileRef = 7D7A2A232B72989700E0BCDB /* ContactsReducer.swift */; };
		7D7A2A262B729BB200E0BCDB /* TransferNavigator.swift in Sources */ = {isa = PBXBuildFile; fileRef = 7D7A2A252B729BB200E0BCDB /* TransferNavigator.swift */; };
		7D7A2A282B729FF800E0BCDB /* TransferContentView.swift in Sources */ = {isa = PBXBuildFile; fileRef = 7D7A2A272B729FF800E0BCDB /* TransferContentView.swift */; };
		7D7A2A2B2B72A58200E0BCDB /* AmountReducer.swift in Sources */ = {isa = PBXBuildFile; fileRef = 7D7A2A2A2B72A58200E0BCDB /* AmountReducer.swift */; };
		7D7A2A2D2B72A59A00E0BCDB /* AmountView.swift in Sources */ = {isa = PBXBuildFile; fileRef = 7D7A2A2C2B72A59A00E0BCDB /* AmountView.swift */; };
		7D7A2A312B7367CB00E0BCDB /* ReasonView.swift in Sources */ = {isa = PBXBuildFile; fileRef = 7D7A2A302B7367CB00E0BCDB /* ReasonView.swift */; };
		7D7A2A332B7367D700E0BCDB /* ReasonReducer.swift in Sources */ = {isa = PBXBuildFile; fileRef = 7D7A2A322B7367D700E0BCDB /* ReasonReducer.swift */; };
		7D7A2A362B736D1E00E0BCDB /* ThemeColorEnvironment.swift in Sources */ = {isa = PBXBuildFile; fileRef = 7D7A2A352B736D1E00E0BCDB /* ThemeColorEnvironment.swift */; };
/* End PBXBuildFile section */

/* Begin PBXContainerItemProxy section */
		7D7A2A102B6EA55400E0BCDB /* PBXContainerItemProxy */ = {
			isa = PBXContainerItemProxy;
			containerPortal = 7D7A29E42B6D353200E0BCDB /* Project object */;
			proxyType = 1;
			remoteGlobalIDString = 7D7A29EB2B6D353200E0BCDB;
			remoteInfo = SwiftCaseStudies;
		};
/* End PBXContainerItemProxy section */

/* Begin PBXFileReference section */
		7D7A29EC2B6D353200E0BCDB /* SwiftCaseStudies.app */ = {isa = PBXFileReference; explicitFileType = wrapper.application; includeInIndex = 0; path = SwiftCaseStudies.app; sourceTree = BUILT_PRODUCTS_DIR; };
		7D7A29F12B6D353200E0BCDB /* ObservationDemo.swift */ = {isa = PBXFileReference; lastKnownFileType = sourcecode.swift; path = ObservationDemo.swift; sourceTree = "<group>"; };
		7D7A29F32B6D353600E0BCDB /* Assets.xcassets */ = {isa = PBXFileReference; lastKnownFileType = folder.assetcatalog; path = Assets.xcassets; sourceTree = "<group>"; };
		7D7A29F62B6D353600E0BCDB /* Preview Assets.xcassets */ = {isa = PBXFileReference; lastKnownFileType = folder.assetcatalog; path = "Preview Assets.xcassets"; sourceTree = "<group>"; };
		7D7A29FE2B6D3B7200E0BCDB /* ContentView.swift */ = {isa = PBXFileReference; fileEncoding = 4; lastKnownFileType = sourcecode.swift; path = ContentView.swift; sourceTree = "<group>"; };
		7D7A2A002B6D3B7B00E0BCDB /* SwiftCaseStudiesApp.swift */ = {isa = PBXFileReference; fileEncoding = 4; lastKnownFileType = sourcecode.swift; path = SwiftCaseStudiesApp.swift; sourceTree = "<group>"; };
		7D7A2A0C2B6EA55400E0BCDB /* SwiftCaseStudiesTests.xctest */ = {isa = PBXFileReference; explicitFileType = wrapper.cfbundle; includeInIndex = 0; path = SwiftCaseStudiesTests.xctest; sourceTree = BUILT_PRODUCTS_DIR; };
		7D7A2A0E2B6EA55400E0BCDB /* SwiftCaseStudiesTests.swift */ = {isa = PBXFileReference; lastKnownFileType = sourcecode.swift; path = SwiftCaseStudiesTests.swift; sourceTree = "<group>"; };
		7D7A2A192B72948200E0BCDB /* HomeView.swift */ = {isa = PBXFileReference; lastKnownFileType = sourcecode.swift; path = HomeView.swift; sourceTree = "<group>"; };
		7D7A2A1B2B72949200E0BCDB /* HomeReducer.swift */ = {isa = PBXFileReference; lastKnownFileType = sourcecode.swift; path = HomeReducer.swift; sourceTree = "<group>"; };
		7D7A2A212B72988500E0BCDB /* ContactsView.swift */ = {isa = PBXFileReference; lastKnownFileType = sourcecode.swift; path = ContactsView.swift; sourceTree = "<group>"; };
		7D7A2A232B72989700E0BCDB /* ContactsReducer.swift */ = {isa = PBXFileReference; lastKnownFileType = sourcecode.swift; path = ContactsReducer.swift; sourceTree = "<group>"; };
		7D7A2A252B729BB200E0BCDB /* TransferNavigator.swift */ = {isa = PBXFileReference; lastKnownFileType = sourcecode.swift; path = TransferNavigator.swift; sourceTree = "<group>"; };
		7D7A2A272B729FF800E0BCDB /* TransferContentView.swift */ = {isa = PBXFileReference; lastKnownFileType = sourcecode.swift; path = TransferContentView.swift; sourceTree = "<group>"; };
		7D7A2A2A2B72A58200E0BCDB /* AmountReducer.swift */ = {isa = PBXFileReference; lastKnownFileType = sourcecode.swift; path = AmountReducer.swift; sourceTree = "<group>"; };
		7D7A2A2C2B72A59A00E0BCDB /* AmountView.swift */ = {isa = PBXFileReference; lastKnownFileType = sourcecode.swift; path = AmountView.swift; sourceTree = "<group>"; };
		7D7A2A302B7367CB00E0BCDB /* ReasonView.swift */ = {isa = PBXFileReference; lastKnownFileType = sourcecode.swift; path = ReasonView.swift; sourceTree = "<group>"; };
		7D7A2A322B7367D700E0BCDB /* ReasonReducer.swift */ = {isa = PBXFileReference; lastKnownFileType = sourcecode.swift; path = ReasonReducer.swift; sourceTree = "<group>"; };
		7D7A2A352B736D1E00E0BCDB /* ThemeColorEnvironment.swift */ = {isa = PBXFileReference; lastKnownFileType = sourcecode.swift; path = ThemeColorEnvironment.swift; sourceTree = "<group>"; };
/* End PBXFileReference section */

/* Begin PBXFrameworksBuildPhase section */
		7D7A29E92B6D353200E0BCDB /* Frameworks */ = {
			isa = PBXFrameworksBuildPhase;
			buildActionMask = 2147483647;
			files = (
				7D7A2A052B6D3EA000E0BCDB /* ComposableArchitecture in Frameworks */,
			);
			runOnlyForDeploymentPostprocessing = 0;
		};
		7D7A2A092B6EA55400E0BCDB /* Frameworks */ = {
			isa = PBXFrameworksBuildPhase;
			buildActionMask = 2147483647;
			files = (
			);
			runOnlyForDeploymentPostprocessing = 0;
		};
/* End PBXFrameworksBuildPhase section */

/* Begin PBXGroup section */
		7D7A29E32B6D353200E0BCDB = {
			isa = PBXGroup;
			children = (
				7D7A29EE2B6D353200E0BCDB /* SwiftCaseStudies */,
				7D7A2A0D2B6EA55400E0BCDB /* SwiftCaseStudiesTests */,
				7D7A29ED2B6D353200E0BCDB /* Products */,
			);
			sourceTree = "<group>";
		};
		7D7A29ED2B6D353200E0BCDB /* Products */ = {
			isa = PBXGroup;
			children = (
				7D7A29EC2B6D353200E0BCDB /* SwiftCaseStudies.app */,
				7D7A2A0C2B6EA55400E0BCDB /* SwiftCaseStudiesTests.xctest */,
			);
			name = Products;
			sourceTree = "<group>";
		};
		7D7A29EE2B6D353200E0BCDB /* SwiftCaseStudies */ = {
			isa = PBXGroup;
			children = (
				7D7A2A022B6D3B9100E0BCDB /* App */,
				7D7A2A162B72942500E0BCDB /* 01 observation */,
				7D7A2A152B72941100E0BCDB /* 02 bit-navigation */,
			);
			path = SwiftCaseStudies;
			sourceTree = "<group>";
		};
		7D7A29F52B6D353600E0BCDB /* Preview Content */ = {
			isa = PBXGroup;
			children = (
				7D7A29F62B6D353600E0BCDB /* Preview Assets.xcassets */,
			);
			path = "Preview Content";
			sourceTree = "<group>";
		};
		7D7A2A022B6D3B9100E0BCDB /* App */ = {
			isa = PBXGroup;
			children = (
				7D7A29FE2B6D3B7200E0BCDB /* ContentView.swift */,
				7D7A2A002B6D3B7B00E0BCDB /* SwiftCaseStudiesApp.swift */,
				7D7A29F32B6D353600E0BCDB /* Assets.xcassets */,
				7D7A29F52B6D353600E0BCDB /* Preview Content */,
				7D7A2A342B736D0100E0BCDB /* Utilitiy */,
			);
			path = App;
			sourceTree = "<group>";
		};
		7D7A2A0D2B6EA55400E0BCDB /* SwiftCaseStudiesTests */ = {
			isa = PBXGroup;
			children = (
				7D7A2A0E2B6EA55400E0BCDB /* SwiftCaseStudiesTests.swift */,
			);
			path = SwiftCaseStudiesTests;
			sourceTree = "<group>";
		};
		7D7A2A152B72941100E0BCDB /* 02 bit-navigation */ = {
			isa = PBXGroup;
			children = (
				7D7A2A1F2B7294AB00E0BCDB /* Navigators */,
				7D7A2A1E2B7294A100E0BCDB /* Modules */,
			);
			path = "02 bit-navigation";
			sourceTree = "<group>";
		};
		7D7A2A162B72942500E0BCDB /* 01 observation */ = {
			isa = PBXGroup;
			children = (
				7D7A29F12B6D353200E0BCDB /* ObservationDemo.swift */,
			);
			path = "01 observation";
			sourceTree = "<group>";
		};
		7D7A2A1D2B72949800E0BCDB /* Home */ = {
			isa = PBXGroup;
			children = (
				7D7A2A192B72948200E0BCDB /* HomeView.swift */,
				7D7A2A1B2B72949200E0BCDB /* HomeReducer.swift */,
			);
			path = Home;
			sourceTree = "<group>";
		};
		7D7A2A1E2B7294A100E0BCDB /* Modules */ = {
			isa = PBXGroup;
			children = (
				7D7A2A1D2B72949800E0BCDB /* Home */,
				7D7A2A202B72986D00E0BCDB /* Contacts */,
				7D7A2A292B72A56700E0BCDB /* Amount */,
				7D7A2A2F2B7367B500E0BCDB /* Reason */,
			);
			path = Modules;
			sourceTree = "<group>";
		};
		7D7A2A1F2B7294AB00E0BCDB /* Navigators */ = {
			isa = PBXGroup;
			children = (
				7D7A2A2E2B72A77700E0BCDB /* Transfer */,
			);
			path = Navigators;
			sourceTree = "<group>";
		};
		7D7A2A202B72986D00E0BCDB /* Contacts */ = {
			isa = PBXGroup;
			children = (
				7D7A2A212B72988500E0BCDB /* ContactsView.swift */,
				7D7A2A232B72989700E0BCDB /* ContactsReducer.swift */,
			);
			path = Contacts;
			sourceTree = "<group>";
		};
		7D7A2A292B72A56700E0BCDB /* Amount */ = {
			isa = PBXGroup;
			children = (
				7D7A2A2C2B72A59A00E0BCDB /* AmountView.swift */,
				7D7A2A2A2B72A58200E0BCDB /* AmountReducer.swift */,
			);
			path = Amount;
			sourceTree = "<group>";
		};
		7D7A2A2E2B72A77700E0BCDB /* Transfer */ = {
			isa = PBXGroup;
			children = (
				7D7A2A272B729FF800E0BCDB /* TransferContentView.swift */,
				7D7A2A252B729BB200E0BCDB /* TransferNavigator.swift */,
			);
			path = Transfer;
			sourceTree = "<group>";
		};
		7D7A2A2F2B7367B500E0BCDB /* Reason */ = {
			isa = PBXGroup;
			children = (
				7D7A2A302B7367CB00E0BCDB /* ReasonView.swift */,
				7D7A2A322B7367D700E0BCDB /* ReasonReducer.swift */,
			);
			path = Reason;
			sourceTree = "<group>";
		};
		7D7A2A342B736D0100E0BCDB /* Utilitiy */ = {
			isa = PBXGroup;
			children = (
				7D7A2A352B736D1E00E0BCDB /* ThemeColorEnvironment.swift */,
			);
			path = Utilitiy;
			sourceTree = "<group>";
		};
/* End PBXGroup section */

/* Begin PBXNativeTarget section */
		7D7A29EB2B6D353200E0BCDB /* SwiftCaseStudies */ = {
			isa = PBXNativeTarget;
			buildConfigurationList = 7D7A29FA2B6D353600E0BCDB /* Build configuration list for PBXNativeTarget "SwiftCaseStudies" */;
			buildPhases = (
				7D7A29E82B6D353200E0BCDB /* Sources */,
				7D7A29E92B6D353200E0BCDB /* Frameworks */,
				7D7A29EA2B6D353200E0BCDB /* Resources */,
			);
			buildRules = (
			);
			dependencies = (
			);
			name = SwiftCaseStudies;
			packageProductDependencies = (
				7D7A2A042B6D3EA000E0BCDB /* ComposableArchitecture */,
			);
			productName = SwiftCaseStudies;
			productReference = 7D7A29EC2B6D353200E0BCDB /* SwiftCaseStudies.app */;
			productType = "com.apple.product-type.application";
		};
		7D7A2A0B2B6EA55400E0BCDB /* SwiftCaseStudiesTests */ = {
			isa = PBXNativeTarget;
			buildConfigurationList = 7D7A2A122B6EA55400E0BCDB /* Build configuration list for PBXNativeTarget "SwiftCaseStudiesTests" */;
			buildPhases = (
				7D7A2A082B6EA55400E0BCDB /* Sources */,
				7D7A2A092B6EA55400E0BCDB /* Frameworks */,
				7D7A2A0A2B6EA55400E0BCDB /* Resources */,
			);
			buildRules = (
			);
			dependencies = (
				7D7A2A112B6EA55400E0BCDB /* PBXTargetDependency */,
			);
			name = SwiftCaseStudiesTests;
			productName = SwiftCaseStudiesTests;
			productReference = 7D7A2A0C2B6EA55400E0BCDB /* SwiftCaseStudiesTests.xctest */;
			productType = "com.apple.product-type.bundle.unit-test";
		};
/* End PBXNativeTarget section */

/* Begin PBXProject section */
		7D7A29E42B6D353200E0BCDB /* Project object */ = {
			isa = PBXProject;
			attributes = {
				BuildIndependentTargetsInParallel = 1;
				LastSwiftUpdateCheck = 1500;
				LastUpgradeCheck = 1500;
				TargetAttributes = {
					7D7A29EB2B6D353200E0BCDB = {
						CreatedOnToolsVersion = 15.0;
					};
					7D7A2A0B2B6EA55400E0BCDB = {
						CreatedOnToolsVersion = 15.0;
						TestTargetID = 7D7A29EB2B6D353200E0BCDB;
					};
				};
			};
			buildConfigurationList = 7D7A29E72B6D353200E0BCDB /* Build configuration list for PBXProject "SwiftCaseStudies" */;
			compatibilityVersion = "Xcode 14.0";
			developmentRegion = en;
			hasScannedForEncodings = 0;
			knownRegions = (
				en,
				Base,
			);
			mainGroup = 7D7A29E32B6D353200E0BCDB;
			packageReferences = (
				7D7A2A032B6D3EA000E0BCDB /* XCRemoteSwiftPackageReference "swift-composable-architecture" */,
			);
			productRefGroup = 7D7A29ED2B6D353200E0BCDB /* Products */;
			projectDirPath = "";
			projectRoot = "";
			targets = (
				7D7A29EB2B6D353200E0BCDB /* SwiftCaseStudies */,
				7D7A2A0B2B6EA55400E0BCDB /* SwiftCaseStudiesTests */,
			);
		};
/* End PBXProject section */

/* Begin PBXResourcesBuildPhase section */
		7D7A29EA2B6D353200E0BCDB /* Resources */ = {
			isa = PBXResourcesBuildPhase;
			buildActionMask = 2147483647;
			files = (
				7D7A29F72B6D353600E0BCDB /* Preview Assets.xcassets in Resources */,
				7D7A29F42B6D353600E0BCDB /* Assets.xcassets in Resources */,
			);
			runOnlyForDeploymentPostprocessing = 0;
		};
		7D7A2A0A2B6EA55400E0BCDB /* Resources */ = {
			isa = PBXResourcesBuildPhase;
			buildActionMask = 2147483647;
			files = (
			);
			runOnlyForDeploymentPostprocessing = 0;
		};
/* End PBXResourcesBuildPhase section */

/* Begin PBXSourcesBuildPhase section */
		7D7A29E82B6D353200E0BCDB /* Sources */ = {
			isa = PBXSourcesBuildPhase;
			buildActionMask = 2147483647;
			files = (
				7D7A2A242B72989700E0BCDB /* ContactsReducer.swift in Sources */,
				7D7A29FF2B6D3B7200E0BCDB /* ContentView.swift in Sources */,
				7D7A2A262B729BB200E0BCDB /* TransferNavigator.swift in Sources */,
				7D7A2A1C2B72949200E0BCDB /* HomeReducer.swift in Sources */,
				7D7A2A2B2B72A58200E0BCDB /* AmountReducer.swift in Sources */,
				7D7A2A362B736D1E00E0BCDB /* ThemeColorEnvironment.swift in Sources */,
				7D7A2A2D2B72A59A00E0BCDB /* AmountView.swift in Sources */,
				7D7A2A282B729FF800E0BCDB /* TransferContentView.swift in Sources */,
				7D7A2A1A2B72948200E0BCDB /* HomeView.swift in Sources */,
				7D7A2A332B7367D700E0BCDB /* ReasonReducer.swift in Sources */,
				7D7A2A222B72988500E0BCDB /* ContactsView.swift in Sources */,
				7D7A29F22B6D353200E0BCDB /* ObservationDemo.swift in Sources */,
				7D7A2A312B7367CB00E0BCDB /* ReasonView.swift in Sources */,
				7D7A2A012B6D3B7B00E0BCDB /* SwiftCaseStudiesApp.swift in Sources */,
			);
			runOnlyForDeploymentPostprocessing = 0;
		};
		7D7A2A082B6EA55400E0BCDB /* Sources */ = {
			isa = PBXSourcesBuildPhase;
			buildActionMask = 2147483647;
			files = (
				7D7A2A0F2B6EA55400E0BCDB /* SwiftCaseStudiesTests.swift in Sources */,
			);
			runOnlyForDeploymentPostprocessing = 0;
		};
/* End PBXSourcesBuildPhase section */

/* Begin PBXTargetDependency section */
		7D7A2A112B6EA55400E0BCDB /* PBXTargetDependency */ = {
			isa = PBXTargetDependency;
			target = 7D7A29EB2B6D353200E0BCDB /* SwiftCaseStudies */;
			targetProxy = 7D7A2A102B6EA55400E0BCDB /* PBXContainerItemProxy */;
		};
/* End PBXTargetDependency section */

/* Begin XCBuildConfiguration section */
		7D7A29F82B6D353600E0BCDB /* Debug */ = {
			isa = XCBuildConfiguration;
			buildSettings = {
				ALWAYS_SEARCH_USER_PATHS = NO;
				ASSETCATALOG_COMPILER_GENERATE_SWIFT_ASSET_SYMBOL_EXTENSIONS = YES;
				CLANG_ANALYZER_NONNULL = YES;
				CLANG_ANALYZER_NUMBER_OBJECT_CONVERSION = YES_AGGRESSIVE;
				CLANG_CXX_LANGUAGE_STANDARD = "gnu++20";
				CLANG_ENABLE_MODULES = YES;
				CLANG_ENABLE_OBJC_ARC = YES;
				CLANG_ENABLE_OBJC_WEAK = YES;
				CLANG_WARN_BLOCK_CAPTURE_AUTORELEASING = YES;
				CLANG_WARN_BOOL_CONVERSION = YES;
				CLANG_WARN_COMMA = YES;
				CLANG_WARN_CONSTANT_CONVERSION = YES;
				CLANG_WARN_DEPRECATED_OBJC_IMPLEMENTATIONS = YES;
				CLANG_WARN_DIRECT_OBJC_ISA_USAGE = YES_ERROR;
				CLANG_WARN_DOCUMENTATION_COMMENTS = YES;
				CLANG_WARN_EMPTY_BODY = YES;
				CLANG_WARN_ENUM_CONVERSION = YES;
				CLANG_WARN_INFINITE_RECURSION = YES;
				CLANG_WARN_INT_CONVERSION = YES;
				CLANG_WARN_NON_LITERAL_NULL_CONVERSION = YES;
				CLANG_WARN_OBJC_IMPLICIT_RETAIN_SELF = YES;
				CLANG_WARN_OBJC_LITERAL_CONVERSION = YES;
				CLANG_WARN_OBJC_ROOT_CLASS = YES_ERROR;
				CLANG_WARN_QUOTED_INCLUDE_IN_FRAMEWORK_HEADER = YES;
				CLANG_WARN_RANGE_LOOP_ANALYSIS = YES;
				CLANG_WARN_STRICT_PROTOTYPES = YES;
				CLANG_WARN_SUSPICIOUS_MOVE = YES;
				CLANG_WARN_UNGUARDED_AVAILABILITY = YES_AGGRESSIVE;
				CLANG_WARN_UNREACHABLE_CODE = YES;
				CLANG_WARN__DUPLICATE_METHOD_MATCH = YES;
				COPY_PHASE_STRIP = NO;
				DEBUG_INFORMATION_FORMAT = dwarf;
				ENABLE_STRICT_OBJC_MSGSEND = YES;
				ENABLE_TESTABILITY = YES;
				ENABLE_USER_SCRIPT_SANDBOXING = YES;
				GCC_C_LANGUAGE_STANDARD = gnu17;
				GCC_DYNAMIC_NO_PIC = NO;
				GCC_NO_COMMON_BLOCKS = YES;
				GCC_OPTIMIZATION_LEVEL = 0;
				GCC_PREPROCESSOR_DEFINITIONS = (
					"DEBUG=1",
					"$(inherited)",
				);
				GCC_WARN_64_TO_32_BIT_CONVERSION = YES;
				GCC_WARN_ABOUT_RETURN_TYPE = YES_ERROR;
				GCC_WARN_UNDECLARED_SELECTOR = YES;
				GCC_WARN_UNINITIALIZED_AUTOS = YES_AGGRESSIVE;
				GCC_WARN_UNUSED_FUNCTION = YES;
				GCC_WARN_UNUSED_VARIABLE = YES;
				IPHONEOS_DEPLOYMENT_TARGET = 17.0;
				LOCALIZATION_PREFERS_STRING_CATALOGS = YES;
				MTL_ENABLE_DEBUG_INFO = INCLUDE_SOURCE;
				MTL_FAST_MATH = YES;
				ONLY_ACTIVE_ARCH = YES;
				SDKROOT = iphoneos;
				SWIFT_ACTIVE_COMPILATION_CONDITIONS = "DEBUG $(inherited)";
				SWIFT_OPTIMIZATION_LEVEL = "-Onone";
			};
			name = Debug;
		};
		7D7A29F92B6D353600E0BCDB /* Release */ = {
			isa = XCBuildConfiguration;
			buildSettings = {
				ALWAYS_SEARCH_USER_PATHS = NO;
				ASSETCATALOG_COMPILER_GENERATE_SWIFT_ASSET_SYMBOL_EXTENSIONS = YES;
				CLANG_ANALYZER_NONNULL = YES;
				CLANG_ANALYZER_NUMBER_OBJECT_CONVERSION = YES_AGGRESSIVE;
				CLANG_CXX_LANGUAGE_STANDARD = "gnu++20";
				CLANG_ENABLE_MODULES = YES;
				CLANG_ENABLE_OBJC_ARC = YES;
				CLANG_ENABLE_OBJC_WEAK = YES;
				CLANG_WARN_BLOCK_CAPTURE_AUTORELEASING = YES;
				CLANG_WARN_BOOL_CONVERSION = YES;
				CLANG_WARN_COMMA = YES;
				CLANG_WARN_CONSTANT_CONVERSION = YES;
				CLANG_WARN_DEPRECATED_OBJC_IMPLEMENTATIONS = YES;
				CLANG_WARN_DIRECT_OBJC_ISA_USAGE = YES_ERROR;
				CLANG_WARN_DOCUMENTATION_COMMENTS = YES;
				CLANG_WARN_EMPTY_BODY = YES;
				CLANG_WARN_ENUM_CONVERSION = YES;
				CLANG_WARN_INFINITE_RECURSION = YES;
				CLANG_WARN_INT_CONVERSION = YES;
				CLANG_WARN_NON_LITERAL_NULL_CONVERSION = YES;
				CLANG_WARN_OBJC_IMPLICIT_RETAIN_SELF = YES;
				CLANG_WARN_OBJC_LITERAL_CONVERSION = YES;
				CLANG_WARN_OBJC_ROOT_CLASS = YES_ERROR;
				CLANG_WARN_QUOTED_INCLUDE_IN_FRAMEWORK_HEADER = YES;
				CLANG_WARN_RANGE_LOOP_ANALYSIS = YES;
				CLANG_WARN_STRICT_PROTOTYPES = YES;
				CLANG_WARN_SUSPICIOUS_MOVE = YES;
				CLANG_WARN_UNGUARDED_AVAILABILITY = YES_AGGRESSIVE;
				CLANG_WARN_UNREACHABLE_CODE = YES;
				CLANG_WARN__DUPLICATE_METHOD_MATCH = YES;
				COPY_PHASE_STRIP = NO;
				DEBUG_INFORMATION_FORMAT = "dwarf-with-dsym";
				ENABLE_NS_ASSERTIONS = NO;
				ENABLE_STRICT_OBJC_MSGSEND = YES;
				ENABLE_USER_SCRIPT_SANDBOXING = YES;
				GCC_C_LANGUAGE_STANDARD = gnu17;
				GCC_NO_COMMON_BLOCKS = YES;
				GCC_WARN_64_TO_32_BIT_CONVERSION = YES;
				GCC_WARN_ABOUT_RETURN_TYPE = YES_ERROR;
				GCC_WARN_UNDECLARED_SELECTOR = YES;
				GCC_WARN_UNINITIALIZED_AUTOS = YES_AGGRESSIVE;
				GCC_WARN_UNUSED_FUNCTION = YES;
				GCC_WARN_UNUSED_VARIABLE = YES;
				IPHONEOS_DEPLOYMENT_TARGET = 17.0;
				LOCALIZATION_PREFERS_STRING_CATALOGS = YES;
				MTL_ENABLE_DEBUG_INFO = NO;
				MTL_FAST_MATH = YES;
				SDKROOT = iphoneos;
				SWIFT_COMPILATION_MODE = wholemodule;
				VALIDATE_PRODUCT = YES;
			};
			name = Release;
		};
		7D7A29FB2B6D353600E0BCDB /* Debug */ = {
			isa = XCBuildConfiguration;
			buildSettings = {
				ASSETCATALOG_COMPILER_APPICON_NAME = AppIcon;
				ASSETCATALOG_COMPILER_GLOBAL_ACCENT_COLOR_NAME = AccentColor;
				CODE_SIGN_STYLE = Automatic;
				CURRENT_PROJECT_VERSION = 1;
				DEVELOPMENT_ASSET_PATHS = "\"SwiftCaseStudies/App/Preview Content\"";
				DEVELOPMENT_TEAM = 765F9357QN;
				ENABLE_PREVIEWS = YES;
				GENERATE_INFOPLIST_FILE = YES;
				INFOPLIST_KEY_UIApplicationSceneManifest_Generation = YES;
				INFOPLIST_KEY_UIApplicationSupportsIndirectInputEvents = YES;
				INFOPLIST_KEY_UILaunchScreen_Generation = YES;
				INFOPLIST_KEY_UISupportedInterfaceOrientations_iPad = "UIInterfaceOrientationPortrait UIInterfaceOrientationPortraitUpsideDown UIInterfaceOrientationLandscapeLeft UIInterfaceOrientationLandscapeRight";
				INFOPLIST_KEY_UISupportedInterfaceOrientations_iPhone = "UIInterfaceOrientationPortrait UIInterfaceOrientationLandscapeLeft UIInterfaceOrientationLandscapeRight";
				LD_RUNPATH_SEARCH_PATHS = (
					"$(inherited)",
					"@executable_path/Frameworks",
				);
				MARKETING_VERSION = 1.0;
				PRODUCT_BUNDLE_IDENTIFIER = com.tt.SwiftCaseStudies;
				PRODUCT_NAME = "$(TARGET_NAME)";
				SWIFT_EMIT_LOC_STRINGS = YES;
				SWIFT_VERSION = 5.0;
				TARGETED_DEVICE_FAMILY = "1,2";
			};
			name = Debug;
		};
		7D7A29FC2B6D353600E0BCDB /* Release */ = {
			isa = XCBuildConfiguration;
			buildSettings = {
				ASSETCATALOG_COMPILER_APPICON_NAME = AppIcon;
				ASSETCATALOG_COMPILER_GLOBAL_ACCENT_COLOR_NAME = AccentColor;
				CODE_SIGN_STYLE = Automatic;
				CURRENT_PROJECT_VERSION = 1;
				DEVELOPMENT_ASSET_PATHS = "\"SwiftCaseStudies/App/Preview Content\"";
				DEVELOPMENT_TEAM = 765F9357QN;
				ENABLE_PREVIEWS = YES;
				GENERATE_INFOPLIST_FILE = YES;
				INFOPLIST_KEY_UIApplicationSceneManifest_Generation = YES;
				INFOPLIST_KEY_UIApplicationSupportsIndirectInputEvents = YES;
				INFOPLIST_KEY_UILaunchScreen_Generation = YES;
				INFOPLIST_KEY_UISupportedInterfaceOrientations_iPad = "UIInterfaceOrientationPortrait UIInterfaceOrientationPortraitUpsideDown UIInterfaceOrientationLandscapeLeft UIInterfaceOrientationLandscapeRight";
				INFOPLIST_KEY_UISupportedInterfaceOrientations_iPhone = "UIInterfaceOrientationPortrait UIInterfaceOrientationLandscapeLeft UIInterfaceOrientationLandscapeRight";
				LD_RUNPATH_SEARCH_PATHS = (
					"$(inherited)",
					"@executable_path/Frameworks",
				);
				MARKETING_VERSION = 1.0;
				PRODUCT_BUNDLE_IDENTIFIER = com.tt.SwiftCaseStudies;
				PRODUCT_NAME = "$(TARGET_NAME)";
				SWIFT_EMIT_LOC_STRINGS = YES;
				SWIFT_VERSION = 5.0;
				TARGETED_DEVICE_FAMILY = "1,2";
			};
			name = Release;
		};
		7D7A2A132B6EA55400E0BCDB /* Debug */ = {
			isa = XCBuildConfiguration;
			buildSettings = {
				BUNDLE_LOADER = "$(TEST_HOST)";
				CODE_SIGN_STYLE = Automatic;
				CURRENT_PROJECT_VERSION = 1;
				DEVELOPMENT_TEAM = 765F9357QN;
				GENERATE_INFOPLIST_FILE = YES;
				MARKETING_VERSION = 1.0;
				PRODUCT_BUNDLE_IDENTIFIER = com.tt.SwiftCaseStudiesTests;
				PRODUCT_NAME = "$(TARGET_NAME)";
				SWIFT_EMIT_LOC_STRINGS = NO;
				SWIFT_VERSION = 5.0;
				TARGETED_DEVICE_FAMILY = "1,2";
				TEST_HOST = "$(BUILT_PRODUCTS_DIR)/SwiftCaseStudies.app/$(BUNDLE_EXECUTABLE_FOLDER_PATH)/SwiftCaseStudies";
			};
			name = Debug;
		};
		7D7A2A142B6EA55400E0BCDB /* Release */ = {
			isa = XCBuildConfiguration;
			buildSettings = {
				BUNDLE_LOADER = "$(TEST_HOST)";
				CODE_SIGN_STYLE = Automatic;
				CURRENT_PROJECT_VERSION = 1;
				DEVELOPMENT_TEAM = 765F9357QN;
				GENERATE_INFOPLIST_FILE = YES;
				MARKETING_VERSION = 1.0;
				PRODUCT_BUNDLE_IDENTIFIER = com.tt.SwiftCaseStudiesTests;
				PRODUCT_NAME = "$(TARGET_NAME)";
				SWIFT_EMIT_LOC_STRINGS = NO;
				SWIFT_VERSION = 5.0;
				TARGETED_DEVICE_FAMILY = "1,2";
				TEST_HOST = "$(BUILT_PRODUCTS_DIR)/SwiftCaseStudies.app/$(BUNDLE_EXECUTABLE_FOLDER_PATH)/SwiftCaseStudies";
			};
			name = Release;
		};
/* End XCBuildConfiguration section */

/* Begin XCConfigurationList section */
		7D7A29E72B6D353200E0BCDB /* Build configuration list for PBXProject "SwiftCaseStudies" */ = {
			isa = XCConfigurationList;
			buildConfigurations = (
				7D7A29F82B6D353600E0BCDB /* Debug */,
				7D7A29F92B6D353600E0BCDB /* Release */,
			);
			defaultConfigurationIsVisible = 0;
			defaultConfigurationName = Release;
		};
		7D7A29FA2B6D353600E0BCDB /* Build configuration list for PBXNativeTarget "SwiftCaseStudies" */ = {
			isa = XCConfigurationList;
			buildConfigurations = (
				7D7A29FB2B6D353600E0BCDB /* Debug */,
				7D7A29FC2B6D353600E0BCDB /* Release */,
			);
			defaultConfigurationIsVisible = 0;
			defaultConfigurationName = Release;
		};
		7D7A2A122B6EA55400E0BCDB /* Build configuration list for PBXNativeTarget "SwiftCaseStudiesTests" */ = {
			isa = XCConfigurationList;
			buildConfigurations = (
				7D7A2A132B6EA55400E0BCDB /* Debug */,
				7D7A2A142B6EA55400E0BCDB /* Release */,
			);
			defaultConfigurationIsVisible = 0;
			defaultConfigurationName = Release;
		};
/* End XCConfigurationList section */

/* Begin XCRemoteSwiftPackageReference section */
		7D7A2A032B6D3EA000E0BCDB /* XCRemoteSwiftPackageReference "swift-composable-architecture" */ = {
			isa = XCRemoteSwiftPackageReference;
			repositoryURL = "https://github.com/pointfreeco/swift-composable-architecture";
			requirement = {
				kind = upToNextMinorVersion;
				minimumVersion = 1.7.2;
			};
		};
/* End XCRemoteSwiftPackageReference section */

/* Begin XCSwiftPackageProductDependency section */
		7D7A2A042B6D3EA000E0BCDB /* ComposableArchitecture */ = {
			isa = XCSwiftPackageProductDependency;
			package = 7D7A2A032B6D3EA000E0BCDB /* XCRemoteSwiftPackageReference "swift-composable-architecture" */;
			productName = ComposableArchitecture;
		};
/* End XCSwiftPackageProductDependency section */
	};
	rootObject = 7D7A29E42B6D353200E0BCDB /* Project object */;
}
